dependencies:
- name: prometheus-adapter
  repository: https://prometheus-community.github.io/helm-charts
  version: 5.3.0
- name: kube-state-metrics
  repository: https://prometheus-community.github.io/helm-charts
  version: 8.3.0
digest: sha256:8aa3bea7d853f59e926d48605233cc01d3cc0ec5a50c944b88f51ee6ec5af4de
generated: "2026-08-12T15:22:05.048127+02:00"
